// !$*UTF8*$!
{
	archiveVersion = 1;
	classes = {
	};
	objectVersion = 56;
	objects = {

/* Begin PBXBuildFile section */
		3FC115B72CABAA7F00314056 /* AppDelegate.swift in Sources */ = {isa = PBXBuildFile; fileRef = 3FC115B62CABAA7F00314056 /* AppDelegate.swift */; };
		3FC115B92CABAA7F00314056 /* SceneDelegate.swift in Sources */ = {isa = PBXBuildFile; fileRef = 3FC115B82CABAA7F00314056 /* SceneDelegate.swift */; };
		3FC115BB2CABAA7F00314056 /* ViewController.swift in Sources */ = {isa = PBXBuildFile; fileRef = 3FC115BA2CABAA7F00314056 /* ViewController.swift */; };
		3FC115BE2CABAA7F00314056 /* Main.storyboard in Resources */ = {isa = PBXBuildFile; fileRef = 3FC115BC2CABAA7F00314056 /* Main.storyboard */; };
		3FC115C02CABAA8100314056 /* Assets.xcassets in Resources */ = {isa = PBXBuildFile; fileRef = 3FC115BF2CABAA8100314056 /* Assets.xcassets */; };
		3FC115C32CABAA8100314056 /* LaunchScreen.storyboard in Resources */ = {isa = PBXBuildFile; fileRef = 3FC115C12CABAA8100314056 /* LaunchScreen.storyboard */; };
		3FC115CE2CABAA8100314056 /* Exercise_2_11Tests.swift in Sources */ = {isa = PBXBuildFile; fileRef = 3FC115CD2CABAA8100314056 /* Exercise_2_11Tests.swift */; };
		3FC115D82CABAA8100314056 /* Exercise_2_11UITests.swift in Sources */ = {isa = PBXBuildFile; fileRef = 3FC115D72CABAA8100314056 /* Exercise_2_11UITests.swift */; };
		3FC115DA2CABAA8100314056 /* Exercise_2_11UITestsLaunchTests.swift in Sources */ = {isa = PBXBuildFile; fileRef = 3FC115D92CABAA8100314056 /* Exercise_2_11UITestsLaunchTests.swift */; };
/* End PBXBuildFile section */

/* Begin PBXContainerItemProxy section */
		3FC115CA2CABAA8100314056 /* PBXContainerItemProxy */ = {
			isa = PBXContainerItemProxy;
			containerPortal = 3FC115AB2CABAA7F00314056 /* Project object */;
			proxyType = 1;
			remoteGlobalIDString = 3FC115B22CABAA7F00314056;
			remoteInfo = Exercise_2.11;
		};
		3FC115D42CABAA8100314056 /* PBXContainerItemProxy */ = {
			isa = PBXContainerItemProxy;
			containerPortal = 3FC115AB2CABAA7F00314056 /* Project object */;
			proxyType = 1;
			remoteGlobalIDString = 3FC115B22CABAA7F00314056;
			remoteInfo = Exercise_2.11;
		};
/* End PBXContainerItemProxy section */

/* Begin PBXFileReference section */
		3FC115B32CABAA7F00314056 /* Exercise_2.11.app */ = {isa = PBXFileReference; explicitFileType = wrapper.application; includeInIndex = 0; path = Exercise_2.11.app; sourceTree = BUILT_PRODUCTS_DIR; };
		3FC115B62CABAA7F00314056 /* AppDelegate.swift */ = {isa = PBXFileReference; lastKnownFileType = sourcecode.swift; path = AppDelegate.swift; sourceTree = "<group>"; };
		3FC115B82CABAA7F00314056 /* SceneDelegate.swift */ = {isa = PBXFileReference; lastKnownFileType = sourcecode.swift; path = SceneDelegate.swift; sourceTree = "<group>"; };
		3FC115BA2CABAA7F00314056 /* ViewController.swift */ = {isa = PBXFileReference; lastKnownFileType = sourcecode.swift; path = ViewController.swift; sourceTree = "<group>"; };
		3FC115BD2CABAA7F00314056 /* Base */ = {isa = PBXFileReference; lastKnownFileType = file.storyboard; name = Base; path = Base.lproj/Main.storyboard; sourceTree = "<group>"; };
		3FC115BF2CABAA8100314056 /* Assets.xcassets */ = {isa = PBXFileReference; lastKnownFileType = folder.assetcatalog; path = Assets.xcassets; sourceTree = "<group>"; };
		3FC115C22CABAA8100314056 /* Base */ = {isa = PBXFileReference; lastKnownFileType = file.storyboard; name = Base; path = Base.lproj/LaunchScreen.storyboard; sourceTree = "<group>"; };
		3FC115C42CABAA8100314056 /* Info.plist */ = {isa = PBXFileReference; lastKnownFileType = text.plist.xml; path = Info.plist; sourceTree = "<group>"; };
		3FC115C92CABAA8100314056 /* Exercise_2.11Tests.xctest */ = {isa = PBXFileReference; explicitFileType = wrapper.cfbundle; includeInIndex = 0; path = Exercise_2.11Tests.xctest; sourceTree = BUILT_PRODUCTS_DIR; };
		3FC115CD2CABAA8100314056 /* Exercise_2_11Tests.swift */ = {isa = PBXFileReference; lastKnownFileType = sourcecode.swift; path = Exercise_2_11Tests.swift; sourceTree = "<group>"; };
		3FC115D32CABAA8100314056 /* Exercise_2.11UITests.xctest */ = {isa = PBXFileReference; explicitFileType = wrapper.cfbundle; includeInIndex = 0; path = Exercise_2.11UITests.xctest; sourceTree = BUILT_PRODUCTS_DIR; };
		3FC115D72CABAA8100314056 /* Exercise_2_11UITests.swift */ = {isa = PBXFileReference; lastKnownFileType = sourcecode.swift; path = Exercise_2_11UITests.swift; sourceTree = "<group>"; };
		3FC115D92CABAA8100314056 /* Exercise_2_11UITestsLaunchTests.swift */ = {isa = PBXFileReference; lastKnownFileType = sourcecode.swift; path = Exercise_2_11UITestsLaunchTests.swift; sourceTree = "<group>"; };
/* End PBXFileReference section */

/* Begin PBXFrameworksBuildPhase section */
		3FC115B02CABAA7F00314056 /* Frameworks */ = {
			isa = PBXFrameworksBuildPhase;
			buildActionMask = 2147483647;
			files = (
			);
			runOnlyForDeploymentPostprocessing = 0;
		};
		3FC115C62CABAA8100314056 /* Frameworks */ = {
			isa = PBXFrameworksBuildPhase;
			buildActionMask = 2147483647;
			files = (
			);
			runOnlyForDeploymentPostprocessing = 0;
		};
		3FC115D02CABAA8100314056 /* Frameworks */ = {
			isa = PBXFrameworksBuildPhase;
			buildActionMask = 2147483647;
			files = (
			);
			runOnlyForDeploymentPostprocessing = 0;
		};
/* End PBXFrameworksBuildPhase section */

/* Begin PBXGroup section */
		3FC115AA2CABAA7F00314056 = {
			isa = PBXGroup;
			children = (
				3FC115B52CABAA7F00314056 /* Exercise_2.11 */,
				3FC115CC2CABAA8100314056 /* Exercise_2.11Tests */,
				3FC115D62CABAA8100314056 /* Exercise_2.11UITests */,
				3FC115B42CABAA7F00314056 /* Products */,
			);
			sourceTree = "<group>";
		};
		3FC115B42CABAA7F00314056 /* Products */ = {
			isa = PBXGroup;
			children = (
				3FC115B32CABAA7F00314056 /* Exercise_2.11.app */,
				3FC115C92CABAA8100314056 /* Exercise_2.11Tests.xctest */,
				3FC115D32CABAA8100314056 /* Exercise_2.11UITests.xctest */,
			);
			name = Products;
			sourceTree = "<group>";
		};
		3FC115B52CABAA7F00314056 /* Exercise_2.11 */ = {
			isa = PBXGroup;
			children = (
				3FC115B62CABAA7F00314056 /* AppDelegate.swift */,
				3FC115B82CABAA7F00314056 /* SceneDelegate.swift */,
				3FC115BA2CABAA7F00314056 /* ViewController.swift */,
				3FC115BC2CABAA7F00314056 /* Main.storyboard */,
				3FC115BF2CABAA8100314056 /* Assets.xcassets */,
				3FC115C12CABAA8100314056 /* LaunchScreen.storyboard */,
				3FC115C42CABAA8100314056 /* Info.plist */,
			);
			path = Exercise_2.11;
			sourceTree = "<group>";
		};
		3FC115CC2CABAA8100314056 /* Exercise_2.11Tests */ = {
			isa = PBXGroup;
			children = (
				3FC115CD2CABAA8100314056 /* Exercise_2_11Tests.swift */,
			);
			path = Exercise_2.11Tests;
			sourceTree = "<group>";
		};
		3FC115D62CABAA8100314056 /* Exercise_2.11UITests */ = {
			isa = PBXGroup;
			children = (
				3FC115D72CABAA8100314056 /* Exercise_2_11UITests.swift */,
				3FC115D92CABAA8100314056 /* Exercise_2_11UITestsLaunchTests.swift */,
			);
			path = Exercise_2.11UITests;
			sourceTree = "<group>";
		};
/* End PBXGroup section */

/* Begin PBXNativeTarget section */
		3FC115B22CABAA7F00314056 /* Exercise_2.11 */ = {
			isa = PBXNativeTarget;
			buildConfigurationList = 3FC115DD2CABAA8100314056 /* Build configuration list for PBXNativeTarget "Exercise_2.11" */;
			buildPhases = (
				3FC115AF2CABAA7F00314056 /* Sources */,
				3FC115B02CABAA7F00314056 /* Frameworks */,
				3FC115B12CABAA7F00314056 /* Resources */,
			);
			buildRules = (
			);
			dependencies = (
			);
			name = Exercise_2.11;
			productName = Exercise_2.11;
			productReference = 3FC115B32CABAA7F00314056 /* Exercise_2.11.app */;
			productType = "com.apple.product-type.application";
		};
		3FC115C82CABAA8100314056 /* Exercise_2.11Tests */ = {
			isa = PBXNativeTarget;
			buildConfigurationList = 3FC115E02CABAA8100314056 /* Build configuration list for PBXNativeTarget "Exercise_2.11Tests" */;
			buildPhases = (
				3FC115C52CABAA8100314056 /* Sources */,
				3FC115C62CABAA8100314056 /* Frameworks */,
				3FC115C72CABAA8100314056 /* Resources */,
			);
			buildRules = (
			);
			dependencies = (
				3FC115CB2CABAA8100314056 /* PBXTargetDependency */,
			);
			name = Exercise_2.11Tests;
			productName = Exercise_2.11Tests;
			productReference = 3FC115C92CABAA8100314056 /* Exercise_2.11Tests.xctest */;
			productType = "com.apple.product-type.bundle.unit-test";
		};
		3FC115D22CABAA8100314056 /* Exercise_2.11UITests */ = {
			isa = PBXNativeTarget;
			buildConfigurationList = 3FC115E32CABAA8100314056 /* Build configuration list for PBXNativeTarget "Exercise_2.11UITests" */;
			buildPhases = (
				3FC115CF2CABAA8100314056 /* Sources */,
				3FC115D02CABAA8100314056 /* Frameworks */,
				3FC115D12CABAA8100314056 /* Resources */,
			);
			buildRules = (
			);
			dependencies = (
				3FC115D52CABAA8100314056 /* PBXTargetDependency */,
			);
			name = Exercise_2.11UITests;
			productName = Exercise_2.11UITests;
			productReference = 3FC115D32CABAA8100314056 /* Exercise_2.11UITests.xctest */;
			productType = "com.apple.product-type.bundle.ui-testing";
		};
/* End PBXNativeTarget section */

/* Begin PBXProject section */
		3FC115AB2CABAA7F00314056 /* Project object */ = {
			isa = PBXProject;
			attributes = {
				BuildIndependentTargetsInParallel = 1;
				LastSwiftUpdateCheck = 1430;
				LastUpgradeCheck = 1430;
				TargetAttributes = {
					3FC115B22CABAA7F00314056 = {
						CreatedOnToolsVersion = 14.3.1;
					};
					3FC115C82CABAA8100314056 = {
						CreatedOnToolsVersion = 14.3.1;
						TestTargetID = 3FC115B22CABAA7F00314056;
					};
					3FC115D22CABAA8100314056 = {
						CreatedOnToolsVersion = 14.3.1;
						TestTargetID = 3FC115B22CABAA7F00314056;
					};
				};
			};
			buildConfigurationList = 3FC115AE2CABAA7F00314056 /* Build configuration list for PBXProject "Exercise_2.11" */;
			compatibilityVersion = "Xcode 14.0";
			developmentRegion = en;
			hasScannedForEncodings = 0;
			knownRegions = (
				en,
				Base,
			);
			mainGroup = 3FC115AA2CABAA7F00314056;
			productRefGroup = 3FC115B42CABAA7F00314056 /* Products */;
			projectDirPath = "";
			projectRoot = "";
			targets = (
				3FC115B22CABAA7F00314056 /* Exercise_2.11 */,
				3FC115C82CABAA8100314056 /* Exercise_2.11Tests */,
				3FC115D22CABAA8100314056 /* Exercise_2.11UITests */,
			);
		};
/* End PBXProject section */

/* Begin PBXResourcesBuildPhase section */
		3FC115B12CABAA7F00314056 /* Resources */ = {
			isa = PBXResourcesBuildPhase;
			buildActionMask = 2147483647;
			files = (
				3FC115C32CABAA8100314056 /* LaunchScreen.storyboard in Resources */,
				3FC115C02CABAA8100314056 /* Assets.xcassets in Resources */,
				3FC115BE2CABAA7F00314056 /* Main.storyboard in Resources */,
			);
			runOnlyForDeploymentPostprocessing = 0;
		};
		3FC115C72CABAA8100314056 /* Resources */ = {
			isa = PBXResourcesBuildPhase;
			buildActionMask = 2147483647;
			files = (
			);
			runOnlyForDeploymentPostprocessing = 0;
		};
		3FC115D12CABAA8100314056 /* Resources */ = {
			isa = PBXResourcesBuildPhase;
			buildActionMask = 2147483647;
			files = (
			);
			runOnlyForDeploymentPostprocessing = 0;
		};
/* End PBXResourcesBuildPhase section */

/* Begin PBXSourcesBuildPhase section */
		3FC115AF2CABAA7F00314056 /* Sources */ = {
			isa = PBXSourcesBuildPhase;
			buildActionMask = 2147483647;
			files = (
				3FC115BB2CABAA7F00314056 /* ViewController.swift in Sources */,
				3FC115B72CABAA7F00314056 /* AppDelegate.swift in Sources */,
				3FC115B92CABAA7F00314056 /* SceneDelegate.swift in Sources */,
			);
			runOnlyForDeploymentPostprocessing = 0;
		};
		3FC115C52CABAA8100314056 /* Sources */ = {
			isa = PBXSourcesBuildPhase;
			buildActionMask = 2147483647;
			files = (
				3FC115CE2CABAA8100314056 /* Exercise_2_11Tests.swift in Sources */,
			);
			runOnlyForDeploymentPostprocessing = 0;
		};
		3FC115CF2CABAA8100314056 /* Sources */ = {
			isa = PBXSourcesBuildPhase;
			buildActionMask = 2147483647;
			files = (
				3FC115D82CABAA8100314056 /* Exercise_2_11UITests.swift in Sources */,
				3FC115DA2CABAA8100314056 /* Exercise_2_11UITestsLaunchTests.swift in Sources */,
			);
			runOnlyForDeploymentPostprocessing = 0;
		};
/* End PBXSourcesBuildPhase section */

/* Begin PBXTargetDependency section */
		3FC115CB2CABAA8100314056 /* PBXTargetDependency */ = {
			isa = PBXTargetDependency;
			target = 3FC115B22CABAA7F00314056 /* Exercise_2.11 */;
			targetProxy = 3FC115CA2CABAA8100314056 /* PBXContainerItemProxy */;
		};
		3FC115D52CABAA8100314056 /* PBXTargetDependency */ = {
			isa = PBXTargetDependency;
			target = 3FC115B22CABAA7F00314056 /* Exercise_2.11 */;
			targetProxy = 3FC115D42CABAA8100314056 /* PBXContainerItemProxy */;
		};
/* End PBXTargetDependency section */

/* Begin PBXVariantGroup section */
		3FC115BC2CABAA7F00314056 /* Main.storyboard */ = {
			isa = PBXVariantGroup;
			children = (
				3FC115BD2CABAA7F00314056 /* Base */,
			);
			name = Main.storyboard;
			sourceTree = "<group>";
		};
		3FC115C12CABAA8100314056 /* LaunchScreen.storyboard */ = {
			isa = PBXVariantGroup;
			children = (
				3FC115C22CABAA8100314056 /* Base */,
			);
			name = LaunchScreen.storyboard;
			sourceTree = "<group>";
		};
/* End PBXVariantGroup section */

/* Begin XCBuildConfiguration section */
		3FC115DB2CABAA8100314056 /* Debug */ = {
			isa = XCBuildConfiguration;
			buildSettings = {
				ALWAYS_SEARCH_USER_PATHS = NO;
				CLANG_ANALYZER_NONNULL = YES;
				CLANG_ANALYZER_NUMBER_OBJECT_CONVERSION = YES_AGGRESSIVE;
				CLANG_CXX_LANGUAGE_STANDARD = "gnu++20";
				CLANG_ENABLE_MODULES = YES;
				CLANG_ENABLE_OBJC_ARC = YES;
				CLANG_ENABLE_OBJC_WEAK = YES;
				CLANG_WARN_BLOCK_CAPTURE_AUTORELEASING = YES;
				CLANG_WARN_BOOL_CONVERSION = YES;
				CLANG_WARN_COMMA = YES;
				CLANG_WARN_CONSTANT_CONVERSION = YES;
				CLANG_WARN_DEPRECATED_OBJC_IMPLEMENTATIONS = YES;
				CLANG_WARN_DIRECT_OBJC_ISA_USAGE = YES_ERROR;
				CLANG_WARN_DOCUMENTATION_COMMENTS = YES;
				CLANG_WARN_EMPTY_BODY = YES;
				CLANG_WARN_ENUM_CONVERSION = YES;
				CLANG_WARN_INFINITE_RECURSION = YES;
				CLANG_WARN_INT_CONVERSION = YES;
				CLANG_WARN_NON_LITERAL_NULL_CONVERSION = YES;
				CLANG_WARN_OBJC_IMPLICIT_RETAIN_SELF = YES;
				CLANG_WARN_OBJC_LITERAL_CONVERSION = YES;
				CLANG_WARN_OBJC_ROOT_CLASS = YES_ERROR;
				CLANG_WARN_QUOTED_INCLUDE_IN_FRAMEWORK_HEADER = YES;
				CLANG_WARN_RANGE_LOOP_ANALYSIS = YES;
				CLANG_WARN_STRICT_PROTOTYPES = YES;
				CLANG_WARN_SUSPICIOUS_MOVE = YES;
				CLANG_WARN_UNGUARDED_AVAILABILITY = YES_AGGRESSIVE;
				CLANG_WARN_UNREACHABLE_CODE = YES;
				CLANG_WARN__DUPLICATE_METHOD_MATCH = YES;
				COPY_PHASE_STRIP = NO;
				DEBUG_INFORMATION_FORMAT = dwarf;
				ENABLE_STRICT_OBJC_MSGSEND = YES;
				ENABLE_TESTABILITY = YES;
				GCC_C_LANGUAGE_STANDARD = gnu11;
				GCC_DYNAMIC_NO_PIC = NO;
				GCC_NO_COMMON_BLOCKS = YES;
				GCC_OPTIMIZATION_LEVEL = 0;
				GCC_PREPROCESSOR_DEFINITIONS = (
					"DEBUG=1",
					"$(inherited)",
				);
				GCC_WARN_64_TO_32_BIT_CONVERSION = YES;
				GCC_WARN_ABOUT_RETURN_TYPE = YES_ERROR;
				GCC_WARN_UNDECLARED_SELECTOR = YES;
				GCC_WARN_UNINITIALIZED_AUTOS = YES_AGGRESSIVE;
				GCC_WARN_UNUSED_FUNCTION = YES;
				GCC_WARN_UNUSED_VARIABLE = YES;
				IPHONEOS_DEPLOYMENT_TARGET = 16.4;
				MTL_ENABLE_DEBUG_INFO = INCLUDE_SOURCE;
				MTL_FAST_MATH = YES;
				ONLY_ACTIVE_ARCH = YES;
				SDKROOT = iphoneos;
				SWIFT_ACTIVE_COMPILATION_CONDITIONS = DEBUG;
				SWIFT_OPTIMIZATION_LEVEL = "-Onone";
			};
			name = Debug;
		};
		3FC115DC2CABAA8100314056 /* Release */ = {
			isa = XCBuildConfiguration;
			buildSettings = {
				ALWAYS_SEARCH_USER_PATHS = NO;
				CLANG_ANALYZER_NONNULL = YES;
				CLANG_ANALYZER_NUMBER_OBJECT_CONVERSION = YES_AGGRESSIVE;
				CLANG_CXX_LANGUAGE_STANDARD = "gnu++20";
				CLANG_ENABLE_MODULES = YES;
				CLANG_ENABLE_OBJC_ARC = YES;
				CLANG_ENABLE_OBJC_WEAK = YES;
				CLANG_WARN_BLOCK_CAPTURE_AUTORELEASING = YES;
				CLANG_WARN_BOOL_CONVERSION = YES;
				CLANG_WARN_COMMA = YES;
				CLANG_WARN_CONSTANT_CONVERSION = YES;
				CLANG_WARN_DEPRECATED_OBJC_IMPLEMENTATIONS = YES;
				CLANG_WARN_DIRECT_OBJC_ISA_USAGE = YES_ERROR;
				CLANG_WARN_DOCUMENTATION_COMMENTS = YES;
				CLANG_WARN_EMPTY_BODY = YES;
				CLANG_WARN_ENUM_CONVERSION = YES;
				CLANG_WARN_INFINITE_RECURSION = YES;
				CLANG_WARN_INT_CONVERSION = YES;
				CLANG_WARN_NON_LITERAL_NULL_CONVERSION = YES;
				CLANG_WARN_OBJC_IMPLICIT_RETAIN_SELF = YES;
				CLANG_WARN_OBJC_LITERAL_CONVERSION = YES;
				CLANG_WARN_OBJC_ROOT_CLASS = YES_ERROR;
				CLANG_WARN_QUOTED_INCLUDE_IN_FRAMEWORK_HEADER = YES;
				CLANG_WARN_RANGE_LOOP_ANALYSIS = YES;
				CLANG_WARN_STRICT_PROTOTYPES = YES;
				CLANG_WARN_SUSPICIOUS_MOVE = YES;
				CLANG_WARN_UNGUARDED_AVAILABILITY = YES_AGGRESSIVE;
				CLANG_WARN_UNREACHABLE_CODE = YES;
				CLANG_WARN__DUPLICATE_METHOD_MATCH = YES;
				COPY_PHASE_STRIP = NO;
				DEBUG_INFORMATION_FORMAT = "dwarf-with-dsym";
				ENABLE_NS_ASSERTIONS = NO;
				ENABLE_STRICT_OBJC_MSGSEND = YES;
				GCC_C_LANGUAGE_STANDARD = gnu11;
				GCC_NO_COMMON_BLOCKS = YES;
				GCC_WARN_64_TO_32_BIT_CONVERSION = YES;
				GCC_WARN_ABOUT_RETURN_TYPE = YES_ERROR;
				GCC_WARN_UNDECLARED_SELECTOR = YES;
				GCC_WARN_UNINITIALIZED_AUTOS = YES_AGGRESSIVE;
				GCC_WARN_UNUSED_FUNCTION = YES;
				GCC_WARN_UNUSED_VARIABLE = YES;
				IPHONEOS_DEPLOYMENT_TARGET = 16.4;
				MTL_ENABLE_DEBUG_INFO = NO;
				MTL_FAST_MATH = YES;
				SDKROOT = iphoneos;
				SWIFT_COMPILATION_MODE = wholemodule;
				SWIFT_OPTIMIZATION_LEVEL = "-O";
				VALIDATE_PRODUCT = YES;
			};
			name = Release;
		};
		3FC115DE2CABAA8100314056 /* Debug */ = {
			isa = XCBuildConfiguration;
			buildSettings = {
				ASSETCATALOG_COMPILER_APPICON_NAME = AppIcon;
				ASSETCATALOG_COMPILER_GLOBAL_ACCENT_COLOR_NAME = AccentColor;
				CODE_SIGN_STYLE = Automatic;
				CURRENT_PROJECT_VERSION = 1;
				GENERATE_INFOPLIST_FILE = YES;
				INFOPLIST_FILE = Exercise_2.11/Info.plist;
				INFOPLIST_KEY_UIApplicationSupportsIndirectInputEvents = YES;
				INFOPLIST_KEY_UILaunchStoryboardName = LaunchScreen;
				INFOPLIST_KEY_UIMainStoryboardFile = Main;
				INFOPLIST_KEY_UISupportedInterfaceOrientations = "UIInterfaceOrientationLandscapeLeft UIInterfaceOrientationLandscapeRight UIInterfaceOrientationPortrait UIInterfaceOrientationPortraitUpsideDown";
				LD_RUNPATH_SEARCH_PATHS = (
					"$(inherited)",
					"@executable_path/Frameworks",
				);
				MARKETING_VERSION = 1.0;
				PRODUCT_BUNDLE_IDENTIFIER = "MIT.Exercise-2-11";
				PRODUCT_NAME = "$(TARGET_NAME)";
				SWIFT_EMIT_LOC_STRINGS = YES;
				SWIFT_VERSION = 5.0;
				TARGETED_DEVICE_FAMILY = "1,2";
			};
			name = Debug;
		};
		3FC115DF2CABAA8100314056 /* Release */ = {
			isa = XCBuildConfiguration;
			buildSettings = {
				ASSETCATALOG_COMPILER_APPICON_NAME = AppIcon;
				ASSETCATALOG_COMPILER_GLOBAL_ACCENT_COLOR_NAME = AccentColor;
				CODE_SIGN_STYLE = Automatic;
				CURRENT_PROJECT_VERSION = 1;
				GENERATE_INFOPLIST_FILE = YES;
				INFOPLIST_FILE = Exercise_2.11/Info.plist;
				INFOPLIST_KEY_UIApplicationSupportsIndirectInputEvents = YES;
				INFOPLIST_KEY_UILaunchStoryboardName = LaunchScreen;
				INFOPLIST_KEY_UIMainStoryboardFile = Main;
				INFOPLIST_KEY_UISupportedInterfaceOrientations = "UIInterfaceOrientationLandscapeLeft UIInterfaceOrientationLandscapeRight UIInterfaceOrientationPortrait UIInterfaceOrientationPortraitUpsideDown";
				LD_RUNPATH_SEARCH_PATHS = (
					"$(inherited)",
					"@executable_path/Frameworks",
				);
				MARKETING_VERSION = 1.0;
				PRODUCT_BUNDLE_IDENTIFIER = "MIT.Exercise-2-11";
				PRODUCT_NAME = "$(TARGET_NAME)";
				SWIFT_EMIT_LOC_STRINGS = YES;
				SWIFT_VERSION = 5.0;
				TARGETED_DEVICE_FAMILY = "1,2";
			};
			name = Release;
		};
		3FC115E12CABAA8100314056 /* Debug */ = {
			isa = XCBuildConfiguration;
			buildSettings = {
				ALWAYS_EMBED_SWIFT_STANDARD_LIBRARIES = YES;
				BUNDLE_LOADER = "$(TEST_HOST)";
				CODE_SIGN_STYLE = Automatic;
				CURRENT_PROJECT_VERSION = 1;
				GENERATE_INFOPLIST_FILE = YES;
				IPHONEOS_DEPLOYMENT_TARGET = 16.4;
				MARKETING_VERSION = 1.0;
				PRODUCT_BUNDLE_IDENTIFIER = "MIT.Exercise-2-11Tests";
				PRODUCT_NAME = "$(TARGET_NAME)";
				SWIFT_EMIT_LOC_STRINGS = NO;
				SWIFT_VERSION = 5.0;
				TARGETED_DEVICE_FAMILY = "1,2";
				TEST_HOST = "$(BUILT_PRODUCTS_DIR)/Exercise_2.11.app/$(BUNDLE_EXECUTABLE_FOLDER_PATH)/Exercise_2.11";
			};
			name = Debug;
		};
		3FC115E22CABAA8100314056 /* Release */ = {
			isa = XCBuildConfiguration;
			buildSettings = {
				ALWAYS_EMBED_SWIFT_STANDARD_LIBRARIES = YES;
				BUNDLE_LOADER = "$(TEST_HOST)";
				CODE_SIGN_STYLE = Automatic;
				CURRENT_PROJECT_VERSION = 1;
				GENERATE_INFOPLIST_FILE = YES;
				IPHONEOS_DEPLOYMENT_TARGET = 16.4;
				MARKETING_VERSION = 1.0;
				PRODUCT_BUNDLE_IDENTIFIER = "MIT.Exercise-2-11Tests";
				PRODUCT_NAME = "$(TARGET_NAME)";
				SWIFT_EMIT_LOC_STRINGS = NO;
				SWIFT_VERSION = 5.0;
				TARGETED_DEVICE_FAMILY = "1,2";
				TEST_HOST = "$(BUILT_PRODUCTS_DIR)/Exercise_2.11.app/$(BUNDLE_EXECUTABLE_FOLDER_PATH)/Exercise_2.11";
			};
			name = Release;
		};
		3FC115E42CABAA8100314056 /* Debug */ = {
			isa = XCBuildConfiguration;
			buildSettings = {
				ALWAYS_EMBED_SWIFT_STANDARD_LIBRARIES = YES;
				CODE_SIGN_STYLE = Automatic;
				CURRENT_PROJECT_VERSION = 1;
				GENERATE_INFOPLIST_FILE = YES;
				MARKETING_VERSION = 1.0;
				PRODUCT_BUNDLE_IDENTIFIER = "MIT.Exercise-2-11UITests";
				PRODUCT_NAME = "$(TARGET_NAME)";
				SWIFT_EMIT_LOC_STRINGS = NO;
				SWIFT_VERSION = 5.0;
				TARGETED_DEVICE_FAMILY = "1,2";
				TEST_TARGET_NAME = Exercise_2.11;
			};
			name = Debug;
		};
		3FC115E52CABAA8100314056 /* Release */ = {
			isa = XCBuildConfiguration;
			buildSettings = {
				ALWAYS_EMBED_SWIFT_STANDARD_LIBRARIES = YES;
				CODE_SIGN_STYLE = Automatic;
				CURRENT_PROJECT_VERSION = 1;
				GENERATE_INFOPLIST_FILE = YES;
				MARKETING_VERSION = 1.0;
				PRODUCT_BUNDLE_IDENTIFIER = "MIT.Exercise-2-11UITests";
				PRODUCT_NAME = "$(TARGET_NAME)";
				SWIFT_EMIT_LOC_STRINGS = NO;
				SWIFT_VERSION = 5.0;
				TARGETED_DEVICE_FAMILY = "1,2";
				TEST_TARGET_NAME = Exercise_2.11;
			};
			name = Release;
		};
/* End XCBuildConfiguration section */

/* Begin XCConfigurationList section */
		3FC115AE2CABAA7F00314056 /* Build configuration list for PBXProject "Exercise_2.11" */ = {
			isa = XCConfigurationList;
			buildConfigurations = (
				3FC115DB2CABAA8100314056 /* Debug */,
				3FC115DC2CABAA8100314056 /* Release */,
			);
			defaultConfigurationIsVisible = 0;
			defaultConfigurationName = Release;
		};
		3FC115DD2CABAA8100314056 /* Build configuration list for PBXNativeTarget "Exercise_2.11" */ = {
			isa = XCConfigurationList;
			buildConfigurations = (
				3FC115DE2CABAA8100314056 /* Debug */,
				3FC115DF2CABAA8100314056 /* Release */,
			);
			defaultConfigurationIsVisible = 0;
			defaultConfigurationName = Release;
		};
		3FC115E02CABAA8100314056 /* Build configuration list for PBXNativeTarget "Exercise_2.11Tests" */ = {
			isa = XCConfigurationList;
			buildConfigurations = (
				3FC115E12CABAA8100314056 /* Debug */,
				3FC115E22CABAA8100314056 /* Release */,
			);
			defaultConfigurationIsVisible = 0;
			defaultConfigurationName = Release;
		};
		3FC115E32CABAA8100314056 /* Build configuration list for PBXNativeTarget "Exercise_2.11UITests" */ = {
			isa = XCConfigurationList;
			buildConfigurations = (
				3FC115E42CABAA8100314056 /* Debug */,
				3FC115E52CABAA8100314056 /* Release */,
			);
			defaultConfigurationIsVisible = 0;
			defaultConfigurationName = Release;
		};
/* End XCConfigurationList section */
	};
	rootObject = 3FC115AB2CABAA7F00314056 /* Project object */;
}
